// !$*UTF8*$!
{
	archiveVersion = 1;
	classes = {
	};
	objectVersion = 56;
	objects = {

/* Begin PBXBuildFile section */
		277387342AEA32B100359470 /* HTTPClient.swift in Sources */ = {isa = PBXBuildFile; fileRef = 277387332AEA32B100359470 /* HTTPClient.swift */; };
		277387362AEA345100359470 /* URLSessionHTTPClient.swift in Sources */ = {isa = PBXBuildFile; fileRef = 277387352AEA345100359470 /* URLSessionHTTPClient.swift */; };
		277387382AEA352200359470 /* URLSessionHTTPClientError.swift in Sources */ = {isa = PBXBuildFile; fileRef = 277387372AEA352200359470 /* URLSessionHTTPClientError.swift */; };
		277387412AEA36DF00359470 /* RestaurantsRepository.swift in Sources */ = {isa = PBXBuildFile; fileRef = 277387402AEA36DF00359470 /* RestaurantsRepository.swift */; };
		277387432AEA373A00359470 /* RestaurantsError.swift in Sources */ = {isa = PBXBuildFile; fileRef = 277387422AEA373A00359470 /* RestaurantsError.swift */; };
		277387452AEA378F00359470 /* RestaurantsData.swift in Sources */ = {isa = PBXBuildFile; fileRef = 277387442AEA378F00359470 /* RestaurantsData.swift */; };
		277387472AEA386400359470 /* RestaurantsRemoteRepository.swift in Sources */ = {isa = PBXBuildFile; fileRef = 277387462AEA386400359470 /* RestaurantsRemoteRepository.swift */; };
		277387492AEA38C000359470 /* RestaurantsAPI.swift in Sources */ = {isa = PBXBuildFile; fileRef = 277387482AEA38C000359470 /* RestaurantsAPI.swift */; };
		2773874B2AEA38F400359470 /* Environment.swift in Sources */ = {isa = PBXBuildFile; fileRef = 2773874A2AEA38F400359470 /* Environment.swift */; };
		2773874D2AEA390F00359470 /* RestaurantsEnvironment.swift in Sources */ = {isa = PBXBuildFile; fileRef = 2773874C2AEA390F00359470 /* RestaurantsEnvironment.swift */; };
		2773874F2AEA3A1000359470 /* RestaurantsAPI+MappingExtension.swift in Sources */ = {isa = PBXBuildFile; fileRef = 2773874E2AEA3A1000359470 /* RestaurantsAPI+MappingExtension.swift */; };
		277387512AEA3AA600359470 /* RestaurantsAPI+EnvironmentInstancesExtension.swift in Sources */ = {isa = PBXBuildFile; fileRef = 277387502AEA3AA600359470 /* RestaurantsAPI+EnvironmentInstancesExtension.swift */; };
		277387532AEA632700359470 /* RestaurantsDTO.swift in Sources */ = {isa = PBXBuildFile; fileRef = 277387522AEA632700359470 /* RestaurantsDTO.swift */; };
		278380B92AD4794B0092F1D2 /* Resources.swift in Sources */ = {isa = PBXBuildFile; fileRef = 278380B82AD4794B0092F1D2 /* Resources.swift */; };
		278380BB2AD481300092F1D2 /* StarsView.swift in Sources */ = {isa = PBXBuildFile; fileRef = 278380BA2AD481300092F1D2 /* StarsView.swift */; };
		278380BD2AD493BA0092F1D2 /* RecommendedLabelView.swift in Sources */ = {isa = PBXBuildFile; fileRef = 278380BC2AD493BA0092F1D2 /* RecommendedLabelView.swift */; };
		278380BF2AD5B2E20092F1D2 /* DIContainer.swift in Sources */ = {isa = PBXBuildFile; fileRef = 278380BE2AD5B2E20092F1D2 /* DIContainer.swift */; };
		2790139F2AB9F1A0009092CC /* AppDelegate.swift in Sources */ = {isa = PBXBuildFile; fileRef = 2790139E2AB9F1A0009092CC /* AppDelegate.swift */; };
		279013A12AB9F1A0009092CC /* SceneDelegate.swift in Sources */ = {isa = PBXBuildFile; fileRef = 279013A02AB9F1A0009092CC /* SceneDelegate.swift */; };
		279013A32AB9F1A0009092CC /* ViewController.swift in Sources */ = {isa = PBXBuildFile; fileRef = 279013A22AB9F1A0009092CC /* ViewController.swift */; };
		279013A82AB9F1A1009092CC /* Assets.xcassets in Resources */ = {isa = PBXBuildFile; fileRef = 279013A72AB9F1A1009092CC /* Assets.xcassets */; };
		279013AB2AB9F1A1009092CC /* LaunchScreen.storyboard in Resources */ = {isa = PBXBuildFile; fileRef = 279013A92AB9F1A1009092CC /* LaunchScreen.storyboard */; };
		279013B92AB9F22A009092CC /* StartViewController.swift in Sources */ = {isa = PBXBuildFile; fileRef = 279013B72AB9F22A009092CC /* StartViewController.swift */; };
		279013BE2AB9F26D009092CC /* StartViewModel.swift in Sources */ = {isa = PBXBuildFile; fileRef = 279013BD2AB9F26D009092CC /* StartViewModel.swift */; };
		279013CB2AB9FCA2009092CC /* RestaurantListViewController.swift in Sources */ = {isa = PBXBuildFile; fileRef = 279013C92AB9FCA2009092CC /* RestaurantListViewController.swift */; };
		279013D12AB9FCDD009092CC /* RestaurantListViewModel.swift in Sources */ = {isa = PBXBuildFile; fileRef = 279013D02AB9FCDD009092CC /* RestaurantListViewModel.swift */; };
		279013D32AB9FCE6009092CC /* Restaurant.swift in Sources */ = {isa = PBXBuildFile; fileRef = 279013D22AB9FCE6009092CC /* Restaurant.swift */; };
		279013D52AB9FCEE009092CC /* RestaurantList.swift in Sources */ = {isa = PBXBuildFile; fileRef = 279013D42AB9FCEE009092CC /* RestaurantList.swift */; };
		279013D82ABB5C7A009092CC /* RestaurantTableViewCell.swift in Sources */ = {isa = PBXBuildFile; fileRef = 279013D62ABB5C7A009092CC /* RestaurantTableViewCell.swift */; };
		279013DB2ABB820A009092CC /* NetworkService.swift in Sources */ = {isa = PBXBuildFile; fileRef = 279013DA2ABB820A009092CC /* NetworkService.swift */; };
		279A67452AD55DE1006FB289 /* ApplicationCoordinator.swift in Sources */ = {isa = PBXBuildFile; fileRef = 279A67442AD55DE0006FB289 /* ApplicationCoordinator.swift */; };
		279A67482AD563C8006FB289 /* StartCoordinator.swift in Sources */ = {isa = PBXBuildFile; fileRef = 279A67472AD563C8006FB289 /* StartCoordinator.swift */; };
		279A674B2AD5687C006FB289 /* RestaurantListCoordinator.swift in Sources */ = {isa = PBXBuildFile; fileRef = 279A674A2AD5687C006FB289 /* RestaurantListCoordinator.swift */; };
/* End PBXBuildFile section */

/* Begin PBXFileReference section */
		277387332AEA32B100359470 /* HTTPClient.swift */ = {isa = PBXFileReference; lastKnownFileType = sourcecode.swift; path = HTTPClient.swift; sourceTree = "<group>"; };
		277387352AEA345100359470 /* URLSessionHTTPClient.swift */ = {isa = PBXFileReference; lastKnownFileType = sourcecode.swift; path = URLSessionHTTPClient.swift; sourceTree = "<group>"; };
		277387372AEA352200359470 /* URLSessionHTTPClientError.swift */ = {isa = PBXFileReference; lastKnownFileType = sourcecode.swift; path = URLSessionHTTPClientError.swift; sourceTree = "<group>"; };
		277387402AEA36DF00359470 /* RestaurantsRepository.swift */ = {isa = PBXFileReference; lastKnownFileType = sourcecode.swift; path = RestaurantsRepository.swift; sourceTree = "<group>"; };
		277387422AEA373A00359470 /* RestaurantsError.swift */ = {isa = PBXFileReference; lastKnownFileType = sourcecode.swift; path = RestaurantsError.swift; sourceTree = "<group>"; };
		277387442AEA378F00359470 /* RestaurantsData.swift */ = {isa = PBXFileReference; lastKnownFileType = sourcecode.swift; path = RestaurantsData.swift; sourceTree = "<group>"; };
		277387462AEA386400359470 /* RestaurantsRemoteRepository.swift */ = {isa = PBXFileReference; lastKnownFileType = sourcecode.swift; path = RestaurantsRemoteRepository.swift; sourceTree = "<group>"; };
		277387482AEA38C000359470 /* RestaurantsAPI.swift */ = {isa = PBXFileReference; lastKnownFileType = sourcecode.swift; path = RestaurantsAPI.swift; sourceTree = "<group>"; };
		2773874A2AEA38F400359470 /* Environment.swift */ = {isa = PBXFileReference; lastKnownFileType = sourcecode.swift; path = Environment.swift; sourceTree = "<group>"; };
		2773874C2AEA390F00359470 /* RestaurantsEnvironment.swift */ = {isa = PBXFileReference; lastKnownFileType = sourcecode.swift; path = RestaurantsEnvironment.swift; sourceTree = "<group>"; };
		2773874E2AEA3A1000359470 /* RestaurantsAPI+MappingExtension.swift */ = {isa = PBXFileReference; lastKnownFileType = sourcecode.swift; path = "RestaurantsAPI+MappingExtension.swift"; sourceTree = "<group>"; };
		277387502AEA3AA600359470 /* RestaurantsAPI+EnvironmentInstancesExtension.swift */ = {isa = PBXFileReference; lastKnownFileType = sourcecode.swift; path = "RestaurantsAPI+EnvironmentInstancesExtension.swift"; sourceTree = "<group>"; };
		277387522AEA632700359470 /* RestaurantsDTO.swift */ = {isa = PBXFileReference; lastKnownFileType = sourcecode.swift; path = RestaurantsDTO.swift; sourceTree = "<group>"; };
		278380B82AD4794B0092F1D2 /* Resources.swift */ = {isa = PBXFileReference; lastKnownFileType = sourcecode.swift; path = Resources.swift; sourceTree = "<group>"; };
		278380BA2AD481300092F1D2 /* StarsView.swift */ = {isa = PBXFileReference; lastKnownFileType = sourcecode.swift; path = StarsView.swift; sourceTree = "<group>"; };
		278380BC2AD493BA0092F1D2 /* RecommendedLabelView.swift */ = {isa = PBXFileReference; fileEncoding = 4; lastKnownFileType = sourcecode.swift; path = RecommendedLabelView.swift; sourceTree = "<group>"; };
		278380BE2AD5B2E20092F1D2 /* DIContainer.swift */ = {isa = PBXFileReference; lastKnownFileType = sourcecode.swift; path = DIContainer.swift; sourceTree = "<group>"; };
		2790139B2AB9F1A0009092CC /* RestaurantMVVM+Xib.app */ = {isa = PBXFileReference; explicitFileType = wrapper.application; includeInIndex = 0; path = "RestaurantMVVM+Xib.app"; sourceTree = BUILT_PRODUCTS_DIR; };
		2790139E2AB9F1A0009092CC /* AppDelegate.swift */ = {isa = PBXFileReference; lastKnownFileType = sourcecode.swift; path = AppDelegate.swift; sourceTree = "<group>"; };
		279013A02AB9F1A0009092CC /* SceneDelegate.swift */ = {isa = PBXFileReference; lastKnownFileType = sourcecode.swift; path = SceneDelegate.swift; sourceTree = "<group>"; };
		279013A22AB9F1A0009092CC /* ViewController.swift */ = {isa = PBXFileReference; lastKnownFileType = sourcecode.swift; path = ViewController.swift; sourceTree = "<group>"; };
		279013A72AB9F1A1009092CC /* Assets.xcassets */ = {isa = PBXFileReference; lastKnownFileType = folder.assetcatalog; path = Assets.xcassets; sourceTree = "<group>"; };
		279013AA2AB9F1A1009092CC /* Base */ = {isa = PBXFileReference; lastKnownFileType = file.storyboard; name = Base; path = Base.lproj/LaunchScreen.storyboard; sourceTree = "<group>"; };
		279013AC2AB9F1A1009092CC /* Info.plist */ = {isa = PBXFileReference; lastKnownFileType = text.plist.xml; path = Info.plist; sourceTree = "<group>"; };
		279013B72AB9F22A009092CC /* StartViewController.swift */ = {isa = PBXFileReference; lastKnownFileType = sourcecode.swift; path = StartViewController.swift; sourceTree = "<group>"; };
		279013BD2AB9F26D009092CC /* StartViewModel.swift */ = {isa = PBXFileReference; lastKnownFileType = sourcecode.swift; path = StartViewModel.swift; sourceTree = "<group>"; };
		279013C92AB9FCA2009092CC /* RestaurantListViewController.swift */ = {isa = PBXFileReference; lastKnownFileType = sourcecode.swift; path = RestaurantListViewController.swift; sourceTree = "<group>"; };
		279013D02AB9FCDD009092CC /* RestaurantListViewModel.swift */ = {isa = PBXFileReference; lastKnownFileType = sourcecode.swift; path = RestaurantListViewModel.swift; sourceTree = "<group>"; };
		279013D22AB9FCE6009092CC /* Restaurant.swift */ = {isa = PBXFileReference; lastKnownFileType = sourcecode.swift; path = Restaurant.swift; sourceTree = "<group>"; };
		279013D42AB9FCEE009092CC /* RestaurantList.swift */ = {isa = PBXFileReference; lastKnownFileType = sourcecode.swift; path = RestaurantList.swift; sourceTree = "<group>"; };
		279013D62ABB5C7A009092CC /* RestaurantTableViewCell.swift */ = {isa = PBXFileReference; lastKnownFileType = sourcecode.swift; path = RestaurantTableViewCell.swift; sourceTree = "<group>"; };
		279013DA2ABB820A009092CC /* NetworkService.swift */ = {isa = PBXFileReference; lastKnownFileType = sourcecode.swift; path = NetworkService.swift; sourceTree = "<group>"; };
		279A67442AD55DE0006FB289 /* ApplicationCoordinator.swift */ = {isa = PBXFileReference; lastKnownFileType = sourcecode.swift; path = ApplicationCoordinator.swift; sourceTree = "<group>"; };
		279A67472AD563C8006FB289 /* StartCoordinator.swift */ = {isa = PBXFileReference; lastKnownFileType = sourcecode.swift; path = StartCoordinator.swift; sourceTree = "<group>"; };
		279A674A2AD5687C006FB289 /* RestaurantListCoordinator.swift */ = {isa = PBXFileReference; lastKnownFileType = sourcecode.swift; path = RestaurantListCoordinator.swift; sourceTree = "<group>"; };
/* End PBXFileReference section */

/* Begin PBXFrameworksBuildPhase section */
		279013982AB9F1A0009092CC /* Frameworks */ = {
			isa = PBXFrameworksBuildPhase;
			buildActionMask = 2147483647;
			files = (
			);
			runOnlyForDeploymentPostprocessing = 0;
		};
/* End PBXFrameworksBuildPhase section */

/* Begin PBXGroup section */
		277387392AEA35FA00359470 /* HTTPClient */ = {
			isa = PBXGroup;
			children = (
				277387332AEA32B100359470 /* HTTPClient.swift */,
			);
			path = HTTPClient;
			sourceTree = "<group>";
		};
		2773873A2AEA361100359470 /* URLSessionHTTPClient */ = {
			isa = PBXGroup;
			children = (
				277387352AEA345100359470 /* URLSessionHTTPClient.swift */,
				277387372AEA352200359470 /* URLSessionHTTPClientError.swift */,
			);
			path = URLSessionHTTPClient;
			sourceTree = "<group>";
		};
		2773873B2AEA363100359470 /* Repositories */ = {
			isa = PBXGroup;
			children = (
				2773873C2AEA364B00359470 /* Restaurants */,
			);
			path = Repositories;
			sourceTree = "<group>";
		};
		2773873C2AEA364B00359470 /* Restaurants */ = {
			isa = PBXGroup;
			children = (
				2773873F2AEA369D00359470 /* Errors */,
				2773873E2AEA369400359470 /* Model */,
				2773873D2AEA368B00359470 /* API */,
				277387402AEA36DF00359470 /* RestaurantsRepository.swift */,
				277387462AEA386400359470 /* RestaurantsRemoteRepository.swift */,
			);
			path = Restaurants;
			sourceTree = "<group>";
		};
		2773873D2AEA368B00359470 /* API */ = {
			isa = PBXGroup;
			children = (
				277387482AEA38C000359470 /* RestaurantsAPI.swift */,
				2773874A2AEA38F400359470 /* Environment.swift */,
				2773874C2AEA390F00359470 /* RestaurantsEnvironment.swift */,
				2773874E2AEA3A1000359470 /* RestaurantsAPI+MappingExtension.swift */,
				277387502AEA3AA600359470 /* RestaurantsAPI+EnvironmentInstancesExtension.swift */,
			);
			path = API;
			sourceTree = "<group>";
		};
		2773873E2AEA369400359470 /* Model */ = {
			isa = PBXGroup;
			children = (
				277387442AEA378F00359470 /* RestaurantsData.swift */,
				277387522AEA632700359470 /* RestaurantsDTO.swift */,
			);
			path = Model;
			sourceTree = "<group>";
		};
		2773873F2AEA369D00359470 /* Errors */ = {
			isa = PBXGroup;
			children = (
				277387422AEA373A00359470 /* RestaurantsError.swift */,
			);
			path = Errors;
			sourceTree = "<group>";
		};
		279013922AB9F1A0009092CC = {
			isa = PBXGroup;
			children = (
				2790139D2AB9F1A0009092CC /* RestaurantMVVM+Xib */,
				2790139C2AB9F1A0009092CC /* Products */,
			);
			sourceTree = "<group>";
		};
		2790139C2AB9F1A0009092CC /* Products */ = {
			isa = PBXGroup;
			children = (
				2790139B2AB9F1A0009092CC /* RestaurantMVVM+Xib.app */,
			);
			name = Products;
			sourceTree = "<group>";
		};
		2790139D2AB9F1A0009092CC /* RestaurantMVVM+Xib */ = {
			isa = PBXGroup;
			children = (
				279013B32AB9F1BB009092CC /* Application */,
				279013B22AB9F1AC009092CC /* StartModule */,
				279013C62AB9FC35009092CC /* RestaurantListModule */,
				2773873B2AEA363100359470 /* Repositories */,
				279013DC2ABB8212009092CC /* ServiceLayer */,
				279013A22AB9F1A0009092CC /* ViewController.swift */,
				279013A72AB9F1A1009092CC /* Assets.xcassets */,
				279013A92AB9F1A1009092CC /* LaunchScreen.storyboard */,
				279013AC2AB9F1A1009092CC /* Info.plist */,
				278380B82AD4794B0092F1D2 /* Resources.swift */,
			);
			path = "RestaurantMVVM+Xib";
			sourceTree = "<group>";
		};
		279013B22AB9F1AC009092CC /* StartModule */ = {
			isa = PBXGroup;
			children = (
				279A67462AD56393006FB289 /* Flow */,
				279013B42AB9F1DE009092CC /* View */,
				279013B52AB9F1E7009092CC /* ViewModel */,
			);
			path = StartModule;
			sourceTree = "<group>";
		};
		279013B32AB9F1BB009092CC /* Application */ = {
			isa = PBXGroup;
			children = (
				279013A02AB9F1A0009092CC /* SceneDelegate.swift */,
				2790139E2AB9F1A0009092CC /* AppDelegate.swift */,
				279A67442AD55DE0006FB289 /* ApplicationCoordinator.swift */,
				278380BE2AD5B2E20092F1D2 /* DIContainer.swift */,
			);
			path = Application;
			sourceTree = "<group>";
		};
		279013B42AB9F1DE009092CC /* View */ = {
			isa = PBXGroup;
			children = (
				279013B72AB9F22A009092CC /* StartViewController.swift */,
			);
			path = View;
			sourceTree = "<group>";
		};
		279013B52AB9F1E7009092CC /* ViewModel */ = {
			isa = PBXGroup;
			children = (
				279013BD2AB9F26D009092CC /* StartViewModel.swift */,
			);
			path = ViewModel;
			sourceTree = "<group>";
		};
		279013C62AB9FC35009092CC /* RestaurantListModule */ = {
			isa = PBXGroup;
			children = (
				279A67492AD5686C006FB289 /* Flow */,
				279013CD2AB9FCA5009092CC /* View */,
				279013CE2AB9FCB0009092CC /* ViewModel */,
				279013CF2AB9FCBB009092CC /* Model */,
			);
			path = RestaurantListModule;
			sourceTree = "<group>";
		};
		279013CD2AB9FCA5009092CC /* View */ = {
			isa = PBXGroup;
			children = (
				278380BC2AD493BA0092F1D2 /* RecommendedLabelView.swift */,
				279013C92AB9FCA2009092CC /* RestaurantListViewController.swift */,
				279013D62ABB5C7A009092CC /* RestaurantTableViewCell.swift */,
				278380BA2AD481300092F1D2 /* StarsView.swift */,
			);
			path = View;
			sourceTree = "<group>";
		};
		279013CE2AB9FCB0009092CC /* ViewModel */ = {
			isa = PBXGroup;
			children = (
				279013D02AB9FCDD009092CC /* RestaurantListViewModel.swift */,
			);
			path = ViewModel;
			sourceTree = "<group>";
		};
		279013CF2AB9FCBB009092CC /* Model */ = {
			isa = PBXGroup;
			children = (
				279013D22AB9FCE6009092CC /* Restaurant.swift */,
				279013D42AB9FCEE009092CC /* RestaurantList.swift */,
			);
			path = Model;
			sourceTree = "<group>";
		};
		279013DC2ABB8212009092CC /* ServiceLayer */ = {
			isa = PBXGroup;
			children = (
				279013DA2ABB820A009092CC /* NetworkService.swift */,
				277387392AEA35FA00359470 /* HTTPClient */,
				2773873A2AEA361100359470 /* URLSessionHTTPClient */,
			);
			path = ServiceLayer;
			sourceTree = "<group>";
		};
		279A67462AD56393006FB289 /* Flow */ = {
			isa = PBXGroup;
			children = (
				279A67472AD563C8006FB289 /* StartCoordinator.swift */,
			);
			path = Flow;
			sourceTree = "<group>";
		};
		279A67492AD5686C006FB289 /* Flow */ = {
			isa = PBXGroup;
			children = (
				279A674A2AD5687C006FB289 /* RestaurantListCoordinator.swift */,
			);
			path = Flow;
			sourceTree = "<group>";
		};
/* End PBXGroup section */

/* Begin PBXNativeTarget section */
		2790139A2AB9F1A0009092CC /* RestaurantMVVM+Xib */ = {
			isa = PBXNativeTarget;
			buildConfigurationList = 279013AF2AB9F1A1009092CC /* Build configuration list for PBXNativeTarget "RestaurantMVVM+Xib" */;
			buildPhases = (
				279013972AB9F1A0009092CC /* Sources */,
				279013982AB9F1A0009092CC /* Frameworks */,
				279013992AB9F1A0009092CC /* Resources */,
			);
			buildRules = (
			);
			dependencies = (
			);
			name = "RestaurantMVVM+Xib";
			productName = "RestaurantMVVM+Xib";
			productReference = 2790139B2AB9F1A0009092CC /* RestaurantMVVM+Xib.app */;
			productType = "com.apple.product-type.application";
		};
/* End PBXNativeTarget section */

/* Begin PBXProject section */
		279013932AB9F1A0009092CC /* Project object */ = {
			isa = PBXProject;
			attributes = {
				BuildIndependentTargetsInParallel = 1;
				LastSwiftUpdateCheck = 1430;
				LastUpgradeCheck = 1430;
				TargetAttributes = {
					2790139A2AB9F1A0009092CC = {
						CreatedOnToolsVersion = 14.3.1;
					};
				};
			};
			buildConfigurationList = 279013962AB9F1A0009092CC /* Build configuration list for PBXProject "RestaurantMVVM+Xib" */;
			compatibilityVersion = "Xcode 14.0";
			developmentRegion = en;
			hasScannedForEncodings = 0;
			knownRegions = (
				en,
				Base,
			);
			mainGroup = 279013922AB9F1A0009092CC;
			productRefGroup = 2790139C2AB9F1A0009092CC /* Products */;
			projectDirPath = "";
			projectRoot = "";
			targets = (
				2790139A2AB9F1A0009092CC /* RestaurantMVVM+Xib */,
			);
		};
/* End PBXProject section */

/* Begin PBXResourcesBuildPhase section */
		279013992AB9F1A0009092CC /* Resources */ = {
			isa = PBXResourcesBuildPhase;
			buildActionMask = 2147483647;
			files = (
				279013AB2AB9F1A1009092CC /* LaunchScreen.storyboard in Resources */,
				279013A82AB9F1A1009092CC /* Assets.xcassets in Resources */,
			);
			runOnlyForDeploymentPostprocessing = 0;
		};
/* End PBXResourcesBuildPhase section */

/* Begin PBXSourcesBuildPhase section */
		279013972AB9F1A0009092CC /* Sources */ = {
			isa = PBXSourcesBuildPhase;
			buildActionMask = 2147483647;
			files = (
				277387382AEA352200359470 /* URLSessionHTTPClientError.swift in Sources */,
				279013D32AB9FCE6009092CC /* Restaurant.swift in Sources */,
				277387492AEA38C000359470 /* RestaurantsAPI.swift in Sources */,
				277387472AEA386400359470 /* RestaurantsRemoteRepository.swift in Sources */,
				279013BE2AB9F26D009092CC /* StartViewModel.swift in Sources */,
				277387432AEA373A00359470 /* RestaurantsError.swift in Sources */,
				2773874F2AEA3A1000359470 /* RestaurantsAPI+MappingExtension.swift in Sources */,
				278380BB2AD481300092F1D2 /* StarsView.swift in Sources */,
				279013A32AB9F1A0009092CC /* ViewController.swift in Sources */,
				278380BD2AD493BA0092F1D2 /* RecommendedLabelView.swift in Sources */,
				279A67452AD55DE1006FB289 /* ApplicationCoordinator.swift in Sources */,
				277387512AEA3AA600359470 /* RestaurantsAPI+EnvironmentInstancesExtension.swift in Sources */,
				278380B92AD4794B0092F1D2 /* Resources.swift in Sources */,
				278380BF2AD5B2E20092F1D2 /* DIContainer.swift in Sources */,
				279013D52AB9FCEE009092CC /* RestaurantList.swift in Sources */,
				279013D82ABB5C7A009092CC /* RestaurantTableViewCell.swift in Sources */,
				277387342AEA32B100359470 /* HTTPClient.swift in Sources */,
				279A67482AD563C8006FB289 /* StartCoordinator.swift in Sources */,
				277387532AEA632700359470 /* RestaurantsDTO.swift in Sources */,
				279013B92AB9F22A009092CC /* StartViewController.swift in Sources */,
				2773874B2AEA38F400359470 /* Environment.swift in Sources */,
				279013D12AB9FCDD009092CC /* RestaurantListViewModel.swift in Sources */,
				2773874D2AEA390F00359470 /* RestaurantsEnvironment.swift in Sources */,
				277387452AEA378F00359470 /* RestaurantsData.swift in Sources */,
				277387362AEA345100359470 /* URLSessionHTTPClient.swift in Sources */,
				2790139F2AB9F1A0009092CC /* AppDelegate.swift in Sources */,
				279013CB2AB9FCA2009092CC /* RestaurantListViewController.swift in Sources */,
				279A674B2AD5687C006FB289 /* RestaurantListCoordinator.swift in Sources */,
				279013DB2ABB820A009092CC /* NetworkService.swift in Sources */,
				279013A12AB9F1A0009092CC /* SceneDelegate.swift in Sources */,
				277387412AEA36DF00359470 /* RestaurantsRepository.swift in Sources */,
			);
			runOnlyForDeploymentPostprocessing = 0;
		};
/* End PBXSourcesBuildPhase section */

/* Begin PBXVariantGroup section */
		279013A92AB9F1A1009092CC /* LaunchScreen.storyboard */ = {
			isa = PBXVariantGroup;
			children = (
				279013AA2AB9F1A1009092CC /* Base */,
			);
			name = LaunchScreen.storyboard;
			sourceTree = "<group>";
		};
/* End PBXVariantGroup section */

/* Begin XCBuildConfiguration section */
		279013AD2AB9F1A1009092CC /* Debug */ = {
			isa = XCBuildConfiguration;
			buildSettings = {
				ALWAYS_SEARCH_USER_PATHS = NO;
				CLANG_ANALYZER_NONNULL = YES;
				CLANG_ANALYZER_NUMBER_OBJECT_CONVERSION = YES_AGGRESSIVE;
				CLANG_CXX_LANGUAGE_STANDARD = "gnu++20";
				CLANG_ENABLE_MODULES = YES;
				CLANG_ENABLE_OBJC_ARC = YES;
				CLANG_ENABLE_OBJC_WEAK = YES;
				CLANG_WARN_BLOCK_CAPTURE_AUTORELEASING = YES;
				CLANG_WARN_BOOL_CONVERSION = YES;
				CLANG_WARN_COMMA = YES;
				CLANG_WARN_CONSTANT_CONVERSION = YES;
				CLANG_WARN_DEPRECATED_OBJC_IMPLEMENTATIONS = YES;
				CLANG_WARN_DIRECT_OBJC_ISA_USAGE = YES_ERROR;
				CLANG_WARN_DOCUMENTATION_COMMENTS = YES;
				CLANG_WARN_EMPTY_BODY = YES;
				CLANG_WARN_ENUM_CONVERSION = YES;
				CLANG_WARN_INFINITE_RECURSION = YES;
				CLANG_WARN_INT_CONVERSION = YES;
				CLANG_WARN_NON_LITERAL_NULL_CONVERSION = YES;
				CLANG_WARN_OBJC_IMPLICIT_RETAIN_SELF = YES;
				CLANG_WARN_OBJC_LITERAL_CONVERSION = YES;
				CLANG_WARN_OBJC_ROOT_CLASS = YES_ERROR;
				CLANG_WARN_QUOTED_INCLUDE_IN_FRAMEWORK_HEADER = YES;
				CLANG_WARN_RANGE_LOOP_ANALYSIS = YES;
				CLANG_WARN_STRICT_PROTOTYPES = YES;
				CLANG_WARN_SUSPICIOUS_MOVE = YES;
				CLANG_WARN_UNGUARDED_AVAILABILITY = YES_AGGRESSIVE;
				CLANG_WARN_UNREACHABLE_CODE = YES;
				CLANG_WARN__DUPLICATE_METHOD_MATCH = YES;
				COPY_PHASE_STRIP = NO;
				DEBUG_INFORMATION_FORMAT = dwarf;
				ENABLE_STRICT_OBJC_MSGSEND = YES;
				ENABLE_TESTABILITY = YES;
				GCC_C_LANGUAGE_STANDARD = gnu11;
				GCC_DYNAMIC_NO_PIC = NO;
				GCC_NO_COMMON_BLOCKS = YES;
				GCC_OPTIMIZATION_LEVEL = 0;
				GCC_PREPROCESSOR_DEFINITIONS = (
					"DEBUG=1",
					"$(inherited)",
				);
				GCC_WARN_64_TO_32_BIT_CONVERSION = YES;
				GCC_WARN_ABOUT_RETURN_TYPE = YES_ERROR;
				GCC_WARN_UNDECLARED_SELECTOR = YES;
				GCC_WARN_UNINITIALIZED_AUTOS = YES_AGGRESSIVE;
				GCC_WARN_UNUSED_FUNCTION = YES;
				GCC_WARN_UNUSED_VARIABLE = YES;
				IPHONEOS_DEPLOYMENT_TARGET = 16.4;
				MTL_ENABLE_DEBUG_INFO = INCLUDE_SOURCE;
				MTL_FAST_MATH = YES;
				ONLY_ACTIVE_ARCH = YES;
				SDKROOT = iphoneos;
				SWIFT_ACTIVE_COMPILATION_CONDITIONS = DEBUG;
				SWIFT_OPTIMIZATION_LEVEL = "-Onone";
			};
			name = Debug;
		};
		279013AE2AB9F1A1009092CC /* Release */ = {
			isa = XCBuildConfiguration;
			buildSettings = {
				ALWAYS_SEARCH_USER_PATHS = NO;
				CLANG_ANALYZER_NONNULL = YES;
				CLANG_ANALYZER_NUMBER_OBJECT_CONVERSION = YES_AGGRESSIVE;
				CLANG_CXX_LANGUAGE_STANDARD = "gnu++20";
				CLANG_ENABLE_MODULES = YES;
				CLANG_ENABLE_OBJC_ARC = YES;
				CLANG_ENABLE_OBJC_WEAK = YES;
				CLANG_WARN_BLOCK_CAPTURE_AUTORELEASING = YES;
				CLANG_WARN_BOOL_CONVERSION = YES;
				CLANG_WARN_COMMA = YES;
				CLANG_WARN_CONSTANT_CONVERSION = YES;
				CLANG_WARN_DEPRECATED_OBJC_IMPLEMENTATIONS = YES;
				CLANG_WARN_DIRECT_OBJC_ISA_USAGE = YES_ERROR;
				CLANG_WARN_DOCUMENTATION_COMMENTS = YES;
				CLANG_WARN_EMPTY_BODY = YES;
				CLANG_WARN_ENUM_CONVERSION = YES;
				CLANG_WARN_INFINITE_RECURSION = YES;
				CLANG_WARN_INT_CONVERSION = YES;
				CLANG_WARN_NON_LITERAL_NULL_CONVERSION = YES;
				CLANG_WARN_OBJC_IMPLICIT_RETAIN_SELF = YES;
				CLANG_WARN_OBJC_LITERAL_CONVERSION = YES;
				CLANG_WARN_OBJC_ROOT_CLASS = YES_ERROR;
				CLANG_WARN_QUOTED_INCLUDE_IN_FRAMEWORK_HEADER = YES;
				CLANG_WARN_RANGE_LOOP_ANALYSIS = YES;
				CLANG_WARN_STRICT_PROTOTYPES = YES;
				CLANG_WARN_SUSPICIOUS_MOVE = YES;
				CLANG_WARN_UNGUARDED_AVAILABILITY = YES_AGGRESSIVE;
				CLANG_WARN_UNREACHABLE_CODE = YES;
				CLANG_WARN__DUPLICATE_METHOD_MATCH = YES;
				COPY_PHASE_STRIP = NO;
				DEBUG_INFORMATION_FORMAT = "dwarf-with-dsym";
				ENABLE_NS_ASSERTIONS = NO;
				ENABLE_STRICT_OBJC_MSGSEND = YES;
				GCC_C_LANGUAGE_STANDARD = gnu11;
				GCC_NO_COMMON_BLOCKS = YES;
				GCC_WARN_64_TO_32_BIT_CONVERSION = YES;
				GCC_WARN_ABOUT_RETURN_TYPE = YES_ERROR;
				GCC_WARN_UNDECLARED_SELECTOR = YES;
				GCC_WARN_UNINITIALIZED_AUTOS = YES_AGGRESSIVE;
				GCC_WARN_UNUSED_FUNCTION = YES;
				GCC_WARN_UNUSED_VARIABLE = YES;
				IPHONEOS_DEPLOYMENT_TARGET = 16.4;
				MTL_ENABLE_DEBUG_INFO = NO;
				MTL_FAST_MATH = YES;
				SDKROOT = iphoneos;
				SWIFT_COMPILATION_MODE = wholemodule;
				SWIFT_OPTIMIZATION_LEVEL = "-O";
				VALIDATE_PRODUCT = YES;
			};
			name = Release;
		};
		279013B02AB9F1A1009092CC /* Debug */ = {
			isa = XCBuildConfiguration;
			buildSettings = {
				ASSETCATALOG_COMPILER_APPICON_NAME = AppIcon;
				ASSETCATALOG_COMPILER_GLOBAL_ACCENT_COLOR_NAME = AccentColor;
				CODE_SIGN_STYLE = Automatic;
				CURRENT_PROJECT_VERSION = 1;
				DEVELOPMENT_TEAM = 2BLGTQ9TA4;
				GENERATE_INFOPLIST_FILE = YES;
				INFOPLIST_FILE = "RestaurantMVVM+Xib/Info.plist";
				INFOPLIST_KEY_UIApplicationSupportsIndirectInputEvents = YES;
				INFOPLIST_KEY_UILaunchStoryboardName = LaunchScreen.storyboard;
				INFOPLIST_KEY_UIMainStoryboardFile = "";
				INFOPLIST_KEY_UISupportedInterfaceOrientations_iPad = "UIInterfaceOrientationPortrait UIInterfaceOrientationPortraitUpsideDown UIInterfaceOrientationLandscapeLeft UIInterfaceOrientationLandscapeRight";
				INFOPLIST_KEY_UISupportedInterfaceOrientations_iPhone = "UIInterfaceOrientationPortrait UIInterfaceOrientationLandscapeLeft UIInterfaceOrientationLandscapeRight";
				LD_RUNPATH_SEARCH_PATHS = (
					"$(inherited)",
					"@executable_path/Frameworks",
				);
				MARKETING_VERSION = 1.0;
				PRODUCT_BUNDLE_IDENTIFIER = "stanislav-sokolov.RestaurantMVVM-Xib";
				PRODUCT_NAME = "$(TARGET_NAME)";
				SWIFT_EMIT_LOC_STRINGS = YES;
				SWIFT_VERSION = 5.0;
				TARGETED_DEVICE_FAMILY = "1,2";
			};
			name = Debug;
		};
		279013B12AB9F1A1009092CC /* Release */ = {
			isa = XCBuildConfiguration;
			buildSettings = {
				ASSETCATALOG_COMPILER_APPICON_NAME = AppIcon;
				ASSETCATALOG_COMPILER_GLOBAL_ACCENT_COLOR_NAME = AccentColor;
				CODE_SIGN_STYLE = Automatic;
				CURRENT_PROJECT_VERSION = 1;
				DEVELOPMENT_TEAM = 2BLGTQ9TA4;
				GENERATE_INFOPLIST_FILE = YES;
				INFOPLIST_FILE = "RestaurantMVVM+Xib/Info.plist";
				INFOPLIST_KEY_UIApplicationSupportsIndirectInputEvents = YES;
				INFOPLIST_KEY_UILaunchStoryboardName = LaunchScreen.storyboard;
				INFOPLIST_KEY_UIMainStoryboardFile = "";
				INFOPLIST_KEY_UISupportedInterfaceOrientations_iPad = "UIInterfaceOrientationPortrait UIInterfaceOrientationPortraitUpsideDown UIInterfaceOrientationLandscapeLeft UIInterfaceOrientationLandscapeRight";
				INFOPLIST_KEY_UISupportedInterfaceOrientations_iPhone = "UIInterfaceOrientationPortrait UIInterfaceOrientationLandscapeLeft UIInterfaceOrientationLandscapeRight";
				LD_RUNPATH_SEARCH_PATHS = (
					"$(inherited)",
					"@executable_path/Frameworks",
				);
				MARKETING_VERSION = 1.0;
				PRODUCT_BUNDLE_IDENTIFIER = "stanislav-sokolov.RestaurantMVVM-Xib";
				PRODUCT_NAME = "$(TARGET_NAME)";
				SWIFT_EMIT_LOC_STRINGS = YES;
				SWIFT_VERSION = 5.0;
				TARGETED_DEVICE_FAMILY = "1,2";
			};
			name = Release;
		};
/* End XCBuildConfiguration section */

/* Begin XCConfigurationList section */
		279013962AB9F1A0009092CC /* Build configuration list for PBXProject "RestaurantMVVM+Xib" */ = {
			isa = XCConfigurationList;
			buildConfigurations = (
				279013AD2AB9F1A1009092CC /* Debug */,
				279013AE2AB9F1A1009092CC /* Release */,
			);
			defaultConfigurationIsVisible = 0;
			defaultConfigurationName = Release;
		};
		279013AF2AB9F1A1009092CC /* Build configuration list for PBXNativeTarget "RestaurantMVVM+Xib" */ = {
			isa = XCConfigurationList;
			buildConfigurations = (
				279013B02AB9F1A1009092CC /* Debug */,
				279013B12AB9F1A1009092CC /* Release */,
			);
			defaultConfigurationIsVisible = 0;
			defaultConfigurationName = Release;
		};
/* End XCConfigurationList section */
	};
	rootObject = 279013932AB9F1A0009092CC /* Project object */;
}
